
Microsoft Visual Studio Solution File, Format Version 12.00
# Visual Studio Version 16
VisualStudioVersion = 16.0.30717.126
MinimumVisualStudioVersion = 10.0.40219.1
Project("{FAE04EC0-301F-11D3-BF4B-00C04F79EFBC}") = "PresentationLayer", "PresentationLayer\PresentationLayer.csproj", "{2CD25035-F3D8-4C6C-8AC7-8F06DD315A3E}"
EndProject
Project("{FAE04EC0-301F-11D3-BF4B-00C04F79EFBC}") = "BLL", "BLL\BLL.csproj", "{9BA4E652-7885-4FDE-83EF-014029F5782B}"
EndProject
Project("{FAE04EC0-301F-11D3-BF4B-00C04F79EFBC}") = "DAL", "DAL\DAL.csproj", "{B256359F-C2BB-4A78-9D9C-AC395A527628}"
EndProject
Global
	GlobalSection(SolutionConfigurationPlatforms) = preSolution
		Debug|Any CPU = Debug|Any CPU
		Release|Any CPU = Release|Any CPU
	EndGlobalSection
	GlobalSection(ProjectConfigurationPlatforms) = postSolution
		{2CD25035-F3D8-4C6C-8AC7-8F06DD315A3E}.Debug|Any CPU.ActiveCfg = Debug|Any CPU
		{2CD25035-F3D8-4C6C-8AC7-8F06DD315A3E}.Debug|Any CPU.Build.0 = Debug|Any CPU
		{2CD25035-F3D8-4C6C-8AC7-8F06DD315A3E}.Release|Any CPU.ActiveCfg = Release|Any CPU
		{2CD25035-F3D8-4C6C-8AC7-8F06DD315A3E}.Release|Any CPU.Build.0 = Release|Any CPU
		{9BA4E652-7885-4FDE-83EF-014029F5782B}.Debug|Any CPU.ActiveCfg = Debug|Any CPU
		{9BA4E652-7885-4FDE-83EF-014029F5782B}.Debug|Any CPU.Build.0 = Debug|Any CPU
		{9BA4E652-7885-4FDE-83EF-014029F5782B}.Release|Any CPU.ActiveCfg = Release|Any CPU
		{9BA4E652-7885-4FDE-83EF-014029F5782B}.Release|Any CPU.Build.0 = Release|Any CPU
		{B256359F-C2BB-4A78-9D9C-AC395A527628}.Debug|Any CPU.ActiveCfg = Debug|Any CPU
		{B256359F-C2BB-4A78-9D9C-AC395A527628}.Debug|Any CPU.Build.0 = Debug|Any CPU
		{B256359F-C2BB-4A78-9D9C-AC395A527628}.Release|Any CPU.ActiveCfg = Release|Any CPU
		{B256359F-C2BB-4A78-9D9C-AC395A527628}.Release|Any CPU.Build.0 = Release|Any CPU
	EndGlobalSection
	GlobalSection(SolutionProperties) = preSolution
		HideSolutionNode = FALSE
	EndGlobalSection
	GlobalSection(ExtensibilityGlobals) = postSolution
		SolutionGuid = {26124DBE-9E58-4D85-95F0-866D48BC0405}
	EndGlobalSection
EndGlobal
